// !$*UTF8*$!
{
	archiveVersion = 1;
	classes = {
	};
	objectVersion = 46;
	objects = {

/* Begin PBXBuildFile section */
		9022DE8F1E5BCF47002F0CF4 /* AppDelegate.swift in Sources */ = {isa = PBXBuildFile; fileRef = 9022DE8E1E5BCF47002F0CF4 /* AppDelegate.swift */; };
		9022DE911E5BCF47002F0CF4 /* ViewController.swift in Sources */ = {isa = PBXBuildFile; fileRef = 9022DE901E5BCF47002F0CF4 /* ViewController.swift */; };
		9022DE941E5BCF47002F0CF4 /* Main.storyboard in Resources */ = {isa = PBXBuildFile; fileRef = 9022DE921E5BCF47002F0CF4 /* Main.storyboard */; };
		9022DE961E5BCF47002F0CF4 /* Assets.xcassets in Resources */ = {isa = PBXBuildFile; fileRef = 9022DE951E5BCF47002F0CF4 /* Assets.xcassets */; };
		9022DE991E5BCF47002F0CF4 /* LaunchScreen.storyboard in Resources */ = {isa = PBXBuildFile; fileRef = 9022DE971E5BCF47002F0CF4 /* LaunchScreen.storyboard */; };
		9022DEA41E5BCF47002F0CF4 /* BookStoreTests.swift in Sources */ = {isa = PBXBuildFile; fileRef = 9022DEA31E5BCF47002F0CF4 /* BookStoreTests.swift */; };
		EEB43981290C5E1400E79E71 /* BookCollectionViewCell.swift in Sources */ = {isa = PBXBuildFile; fileRef = EEB43980290C5E1400E79E71 /* BookCollectionViewCell.swift */; };
		EEB43985290C834000E79E71 /* DetailsViewController.swift in Sources */ = {isa = PBXBuildFile; fileRef = EEB43984290C834000E79E71 /* DetailsViewController.swift */; };
		EEB43989290CDE8C00E79E71 /* BookTableViewCell.swift in Sources */ = {isa = PBXBuildFile; fileRef = EEB43988290CDE8C00E79E71 /* BookTableViewCell.swift */; };
		EEB4398F290CE8E700E79E71 /* SearchResultsViewController.swift in Sources */ = {isa = PBXBuildFile; fileRef = EEB4398E290CE8E700E79E71 /* SearchResultsViewController.swift */; };
/* End PBXBuildFile section */

/* Begin PBXContainerItemProxy section */
		9022DEA01E5BCF47002F0CF4 /* PBXContainerItemProxy */ = {
			isa = PBXContainerItemProxy;
			containerPortal = 9022DE831E5BCF47002F0CF4 /* Project object */;
			proxyType = 1;
			remoteGlobalIDString = 9022DE8A1E5BCF47002F0CF4;
			remoteInfo = BookStore;
		};
/* End PBXContainerItemProxy section */

/* Begin PBXFileReference section */
		9022DE8B1E5BCF47002F0CF4 /* BookStore.app */ = {isa = PBXFileReference; explicitFileType = wrapper.application; includeInIndex = 0; path = BookStore.app; sourceTree = BUILT_PRODUCTS_DIR; };
		9022DE8E1E5BCF47002F0CF4 /* AppDelegate.swift */ = {isa = PBXFileReference; lastKnownFileType = sourcecode.swift; path = AppDelegate.swift; sourceTree = "<group>"; };
		9022DE901E5BCF47002F0CF4 /* ViewController.swift */ = {isa = PBXFileReference; lastKnownFileType = sourcecode.swift; path = ViewController.swift; sourceTree = "<group>"; };
		9022DE931E5BCF47002F0CF4 /* Base */ = {isa = PBXFileReference; lastKnownFileType = file.storyboard; name = Base; path = Base.lproj/Main.storyboard; sourceTree = "<group>"; };
		9022DE951E5BCF47002F0CF4 /* Assets.xcassets */ = {isa = PBXFileReference; lastKnownFileType = folder.assetcatalog; path = Assets.xcassets; sourceTree = "<group>"; };
		9022DE981E5BCF47002F0CF4 /* Base */ = {isa = PBXFileReference; lastKnownFileType = file.storyboard; name = Base; path = Base.lproj/LaunchScreen.storyboard; sourceTree = "<group>"; };
		9022DE9A1E5BCF47002F0CF4 /* Info.plist */ = {isa = PBXFileReference; lastKnownFileType = text.plist.xml; path = Info.plist; sourceTree = "<group>"; };
		9022DE9F1E5BCF47002F0CF4 /* BookStoreTests.xctest */ = {isa = PBXFileReference; explicitFileType = wrapper.cfbundle; includeInIndex = 0; path = BookStoreTests.xctest; sourceTree = BUILT_PRODUCTS_DIR; };
		9022DEA31E5BCF47002F0CF4 /* BookStoreTests.swift */ = {isa = PBXFileReference; lastKnownFileType = sourcecode.swift; path = BookStoreTests.swift; sourceTree = "<group>"; };
		9022DEA51E5BCF47002F0CF4 /* Info.plist */ = {isa = PBXFileReference; lastKnownFileType = text.plist.xml; path = Info.plist; sourceTree = "<group>"; };
		EEB43980290C5E1400E79E71 /* BookCollectionViewCell.swift */ = {isa = PBXFileReference; lastKnownFileType = sourcecode.swift; path = BookCollectionViewCell.swift; sourceTree = "<group>"; };
		EEB43984290C834000E79E71 /* DetailsViewController.swift */ = {isa = PBXFileReference; lastKnownFileType = sourcecode.swift; path = DetailsViewController.swift; sourceTree = "<group>"; };
		EEB43988290CDE8C00E79E71 /* BookTableViewCell.swift */ = {isa = PBXFileReference; lastKnownFileType = sourcecode.swift; path = BookTableViewCell.swift; sourceTree = "<group>"; };
		EEB4398E290CE8E700E79E71 /* SearchResultsViewController.swift */ = {isa = PBXFileReference; lastKnownFileType = sourcecode.swift; path = SearchResultsViewController.swift; sourceTree = "<group>"; };
/* End PBXFileReference section */

/* Begin PBXFrameworksBuildPhase section */
		9022DE881E5BCF47002F0CF4 /* Frameworks */ = {
			isa = PBXFrameworksBuildPhase;
			buildActionMask = 2147483647;
			files = (
			);
			runOnlyForDeploymentPostprocessing = 0;
		};
		9022DE9C1E5BCF47002F0CF4 /* Frameworks */ = {
			isa = PBXFrameworksBuildPhase;
			buildActionMask = 2147483647;
			files = (
			);
			runOnlyForDeploymentPostprocessing = 0;
		};
/* End PBXFrameworksBuildPhase section */

/* Begin PBXGroup section */
		9022DE821E5BCF47002F0CF4 = {
			isa = PBXGroup;
			children = (
				9022DE8D1E5BCF47002F0CF4 /* BookStore */,
				9022DEA21E5BCF47002F0CF4 /* BookStoreTests */,
				9022DE8C1E5BCF47002F0CF4 /* Products */,
			);
			sourceTree = "<group>";
		};
		9022DE8C1E5BCF47002F0CF4 /* Products */ = {
			isa = PBXGroup;
			children = (
				9022DE8B1E5BCF47002F0CF4 /* BookStore.app */,
				9022DE9F1E5BCF47002F0CF4 /* BookStoreTests.xctest */,
			);
			name = Products;
			sourceTree = "<group>";
		};
		9022DE8D1E5BCF47002F0CF4 /* BookStore */ = {
			isa = PBXGroup;
			children = (
				9022DE8E1E5BCF47002F0CF4 /* AppDelegate.swift */,
				9022DE901E5BCF47002F0CF4 /* ViewController.swift */,
				9022DE921E5BCF47002F0CF4 /* Main.storyboard */,
				9022DE951E5BCF47002F0CF4 /* Assets.xcassets */,
				9022DE971E5BCF47002F0CF4 /* LaunchScreen.storyboard */,
				9022DEAF1E5BCF9E002F0CF4 /* Resources */,
				9022DEAE1E5BCF4D002F0CF4 /* Supporting Files */,
				EEB43980290C5E1400E79E71 /* BookCollectionViewCell.swift */,
				EEB43984290C834000E79E71 /* DetailsViewController.swift */,
				EEB43988290CDE8C00E79E71 /* BookTableViewCell.swift */,
				EEB4398E290CE8E700E79E71 /* SearchResultsViewController.swift */,
			);
			path = BookStore;
			sourceTree = "<group>";
		};
		9022DEA21E5BCF47002F0CF4 /* BookStoreTests */ = {
			isa = PBXGroup;
			children = (
				9022DEA31E5BCF47002F0CF4 /* BookStoreTests.swift */,
				9022DEA51E5BCF47002F0CF4 /* Info.plist */,
			);
			path = BookStoreTests;
			sourceTree = "<group>";
		};
		9022DEAE1E5BCF4D002F0CF4 /* Supporting Files */ = {
			isa = PBXGroup;
			children = (
				9022DE9A1E5BCF47002F0CF4 /* Info.plist */,
			);
			name = "Supporting Files";
			sourceTree = "<group>";
		};
		9022DEAF1E5BCF9E002F0CF4 /* Resources */ = {
			isa = PBXGroup;
			children = (
			);
			name = Resources;
			sourceTree = "<group>";
		};
/* End PBXGroup section */

/* Begin PBXNativeTarget section */
		9022DE8A1E5BCF47002F0CF4 /* BookStore */ = {
			isa = PBXNativeTarget;
			buildConfigurationList = 9022DEA81E5BCF47002F0CF4 /* Build configuration list for PBXNativeTarget "BookStore" */;
			buildPhases = (
				9022DE871E5BCF47002F0CF4 /* Sources */,
				9022DE881E5BCF47002F0CF4 /* Frameworks */,
				9022DE891E5BCF47002F0CF4 /* Resources */,
			);
			buildRules = (
			);
			dependencies = (
			);
			name = BookStore;
			productName = BookStore;
			productReference = 9022DE8B1E5BCF47002F0CF4 /* BookStore.app */;
			productType = "com.apple.product-type.application";
		};
		9022DE9E1E5BCF47002F0CF4 /* BookStoreTests */ = {
			isa = PBXNativeTarget;
			buildConfigurationList = 9022DEAB1E5BCF47002F0CF4 /* Build configuration list for PBXNativeTarget "BookStoreTests" */;
			buildPhases = (
				9022DE9B1E5BCF47002F0CF4 /* Sources */,
				9022DE9C1E5BCF47002F0CF4 /* Frameworks */,
				9022DE9D1E5BCF47002F0CF4 /* Resources */,
			);
			buildRules = (
			);
			dependencies = (
				9022DEA11E5BCF47002F0CF4 /* PBXTargetDependency */,
			);
			name = BookStoreTests;
			productName = BookStoreTests;
			productReference = 9022DE9F1E5BCF47002F0CF4 /* BookStoreTests.xctest */;
			productType = "com.apple.product-type.bundle.unit-test";
		};
/* End PBXNativeTarget section */

/* Begin PBXProject section */
		9022DE831E5BCF47002F0CF4 /* Project object */ = {
			isa = PBXProject;
			attributes = {
				LastSwiftUpdateCheck = 0830;
				LastUpgradeCheck = 1100;
				ORGANIZATIONNAME = Apple;
				TargetAttributes = {
					9022DE8A1E5BCF47002F0CF4 = {
						CreatedOnToolsVersion = 8.3;
						ProvisioningStyle = Automatic;
					};
					9022DE9E1E5BCF47002F0CF4 = {
						CreatedOnToolsVersion = 8.3;
						ProvisioningStyle = Automatic;
						TestTargetID = 9022DE8A1E5BCF47002F0CF4;
					};
				};
			};
			buildConfigurationList = 9022DE861E5BCF47002F0CF4 /* Build configuration list for PBXProject "BookStore" */;
			compatibilityVersion = "Xcode 3.2";
			developmentRegion = en;
			hasScannedForEncodings = 0;
			knownRegions = (
				en,
				Base,
			);
			mainGroup = 9022DE821E5BCF47002F0CF4;
			productRefGroup = 9022DE8C1E5BCF47002F0CF4 /* Products */;
			projectDirPath = "";
			projectRoot = "";
			targets = (
				9022DE8A1E5BCF47002F0CF4 /* BookStore */,
				9022DE9E1E5BCF47002F0CF4 /* BookStoreTests */,
			);
		};
/* End PBXProject section */

/* Begin PBXResourcesBuildPhase section */
		9022DE891E5BCF47002F0CF4 /* Resources */ = {
			isa = PBXResourcesBuildPhase;
			buildActionMask = 2147483647;
			files = (
				9022DE991E5BCF47002F0CF4 /* LaunchScreen.storyboard in Resources */,
				9022DE961E5BCF47002F0CF4 /* Assets.xcassets in Resources */,
				9022DE941E5BCF47002F0CF4 /* Main.storyboard in Resources */,
			);
			runOnlyForDeploymentPostprocessing = 0;
		};
		9022DE9D1E5BCF47002F0CF4 /* Resources */ = {
			isa = PBXResourcesBuildPhase;
			buildActionMask = 2147483647;
			files = (
			);
			runOnlyForDeploymentPostprocessing = 0;
		};
/* End PBXResourcesBuildPhase section */

/* Begin PBXSourcesBuildPhase section */
		9022DE871E5BCF47002F0CF4 /* Sources */ = {
			isa = PBXSourcesBuildPhase;
			buildActionMask = 2147483647;
			files = (
				EEB43981290C5E1400E79E71 /* BookCollectionViewCell.swift in Sources */,
				EEB4398F290CE8E700E79E71 /* SearchResultsViewController.swift in Sources */,
				9022DE911E5BCF47002F0CF4 /* ViewController.swift in Sources */,
				9022DE8F1E5BCF47002F0CF4 /* AppDelegate.swift in Sources */,
				EEB43989290CDE8C00E79E71 /* BookTableViewCell.swift in Sources */,
				EEB43985290C834000E79E71 /* DetailsViewController.swift in Sources */,
			);
			runOnlyForDeploymentPostprocessing = 0;
		};
		9022DE9B1E5BCF47002F0CF4 /* Sources */ = {
			isa = PBXSourcesBuildPhase;
			buildActionMask = 2147483647;
			files = (
				9022DEA41E5BCF47002F0CF4 /* BookStoreTests.swift in Sources */,
			);
			runOnlyForDeploymentPostprocessing = 0;
		};
/* End PBXSourcesBuildPhase section */

/* Begin PBXTargetDependency section */
		9022DEA11E5BCF47002F0CF4 /* PBXTargetDependency */ = {
			isa = PBXTargetDependency;
			target = 9022DE8A1E5BCF47002F0CF4 /* BookStore */;
			targetProxy = 9022DEA01E5BCF47002F0CF4 /* PBXContainerItemProxy */;
		};
/* End PBXTargetDependency section */

/* Begin PBXVariantGroup section */
		9022DE921E5BCF47002F0CF4 /* Main.storyboard */ = {
			isa = PBXVariantGroup;
			children = (
				9022DE931E5BCF47002F0CF4 /* Base */,
			);
			name = Main.storyboard;
			sourceTree = "<group>";
		};
		9022DE971E5BCF47002F0CF4 /* LaunchScreen.storyboard */ = {
			isa = PBXVariantGroup;
			children = (
				9022DE981E5BCF47002F0CF4 /* Base */,
			);
			name = LaunchScreen.storyboard;
			sourceTree = "<group>";
		};
/* End PBXVariantGroup section */

/* Begin XCBuildConfiguration section */
		9022DEA61E5BCF47002F0CF4 /* Debug */ = {
			isa = XCBuildConfiguration;
			buildSettings = {
				ALWAYS_SEARCH_USER_PATHS = NO;
				CLANG_ANALYZER_LOCALIZABILITY_NONLOCALIZED = YES;
				CLANG_ANALYZER_NONNULL = YES;
				CLANG_ANALYZER_NUMBER_OBJECT_CONVERSION = YES_AGGRESSIVE;
				CLANG_CXX_LANGUAGE_STANDARD = "gnu++0x";
				CLANG_CXX_LIBRARY = "libc++";
				CLANG_ENABLE_MODULES = YES;
				CLANG_ENABLE_OBJC_ARC = YES;
				CLANG_WARN_BLOCK_CAPTURE_AUTORELEASING = YES;
				CLANG_WARN_BOOL_CONVERSION = YES;
				CLANG_WARN_COMMA = YES;
				CLANG_WARN_CONSTANT_CONVERSION = YES;
				CLANG_WARN_DEPRECATED_OBJC_IMPLEMENTATIONS = YES;
				CLANG_WARN_DIRECT_OBJC_ISA_USAGE = YES_ERROR;
				CLANG_WARN_DOCUMENTATION_COMMENTS = YES;
				CLANG_WARN_EMPTY_BODY = YES;
				CLANG_WARN_ENUM_CONVERSION = YES;
				CLANG_WARN_INFINITE_RECURSION = YES;
				CLANG_WARN_INT_CONVERSION = YES;
				CLANG_WARN_NON_LITERAL_NULL_CONVERSION = YES;
				CLANG_WARN_OBJC_IMPLICIT_RETAIN_SELF = YES;
				CLANG_WARN_OBJC_LITERAL_CONVERSION = YES;
				CLANG_WARN_OBJC_ROOT_CLASS = YES_ERROR;
				CLANG_WARN_RANGE_LOOP_ANALYSIS = YES;
				CLANG_WARN_STRICT_PROTOTYPES = YES;
				CLANG_WARN_SUSPICIOUS_MOVE = YES;
				CLANG_WARN_UNREACHABLE_CODE = YES;
				CLANG_WARN__DUPLICATE_METHOD_MATCH = YES;
				"CODE_SIGN_IDENTITY[sdk=iphoneos*]" = "iPhone Developer";
				COPY_PHASE_STRIP = NO;
				DEBUG_INFORMATION_FORMAT = dwarf;
				ENABLE_STRICT_OBJC_MSGSEND = YES;
				ENABLE_TESTABILITY = YES;
				GCC_C_LANGUAGE_STANDARD = gnu99;
				GCC_DYNAMIC_NO_PIC = NO;
				GCC_NO_COMMON_BLOCKS = YES;
				GCC_OPTIMIZATION_LEVEL = 0;
				GCC_PREPROCESSOR_DEFINITIONS = (
					"DEBUG=1",
					"$(inherited)",
				);
				GCC_WARN_64_TO_32_BIT_CONVERSION = YES;
				GCC_WARN_ABOUT_RETURN_TYPE = YES_ERROR;
				GCC_WARN_UNDECLARED_SELECTOR = YES;
				GCC_WARN_UNINITIALIZED_AUTOS = YES_AGGRESSIVE;
				GCC_WARN_UNUSED_FUNCTION = YES;
				GCC_WARN_UNUSED_VARIABLE = YES;
				IPHONEOS_DEPLOYMENT_TARGET = 11.0;
				MTL_ENABLE_DEBUG_INFO = YES;
				ONLY_ACTIVE_ARCH = YES;
				SDKROOT = iphoneos;
				SWIFT_ACTIVE_COMPILATION_CONDITIONS = DEBUG;
				SWIFT_OPTIMIZATION_LEVEL = "-Onone";
				TARGETED_DEVICE_FAMILY = "1,2";
			};
			name = Debug;
		};
		9022DEA71E5BCF47002F0CF4 /* Release */ = {
			isa = XCBuildConfiguration;
			buildSettings = {
				ALWAYS_SEARCH_USER_PATHS = NO;
				CLANG_ANALYZER_LOCALIZABILITY_NONLOCALIZED = YES;
				CLANG_ANALYZER_NONNULL = YES;
				CLANG_ANALYZER_NUMBER_OBJECT_CONVERSION = YES_AGGRESSIVE;
				CLANG_CXX_LANGUAGE_STANDARD = "gnu++0x";
				CLANG_CXX_LIBRARY = "libc++";
				CLANG_ENABLE_MODULES = YES;
				CLANG_ENABLE_OBJC_ARC = YES;
				CLANG_WARN_BLOCK_CAPTURE_AUTORELEASING = YES;
				CLANG_WARN_BOOL_CONVERSION = YES;
				CLANG_WARN_COMMA = YES;
				CLANG_WARN_CONSTANT_CONVERSION = YES;
				CLANG_WARN_DEPRECATED_OBJC_IMPLEMENTATIONS = YES;
				CLANG_WARN_DIRECT_OBJC_ISA_USAGE = YES_ERROR;
				CLANG_WARN_DOCUMENTATION_COMMENTS = YES;
				CLANG_WARN_EMPTY_BODY = YES;
				CLANG_WARN_ENUM_CONVERSION = YES;
				CLANG_WARN_INFINITE_RECURSION = YES;
				CLANG_WARN_INT_CONVERSION = YES;
				CLANG_WARN_NON_LITERAL_NULL_CONVERSION = YES;
				CLANG_WARN_OBJC_IMPLICIT_RETAIN_SELF = YES;
				CLANG_WARN_OBJC_LITERAL_CONVERSION = YES;
				CLANG_WARN_OBJC_ROOT_CLASS = YES_ERROR;
				CLANG_WARN_RANGE_LOOP_ANALYSIS = YES;
				CLANG_WARN_STRICT_PROTOTYPES = YES;
				CLANG_WARN_SUSPICIOUS_MOVE = YES;
				CLANG_WARN_UNREACHABLE_CODE = YES;
				CLANG_WARN__DUPLICATE_METHOD_MATCH = YES;
				"CODE_SIGN_IDENTITY[sdk=iphoneos*]" = "iPhone Developer";
				COPY_PHASE_STRIP = NO;
				DEBUG_INFORMATION_FORMAT = "dwarf-with-dsym";
				ENABLE_NS_ASSERTIONS = NO;
				ENABLE_STRICT_OBJC_MSGSEND = YES;
				GCC_C_LANGUAGE_STANDARD = gnu99;
				GCC_NO_COMMON_BLOCKS = YES;
				GCC_WARN_64_TO_32_BIT_CONVERSION = YES;
				GCC_WARN_ABOUT_RETURN_TYPE = YES_ERROR;
				GCC_WARN_UNDECLARED_SELECTOR = YES;
				GCC_WARN_UNINITIALIZED_AUTOS = YES_AGGRESSIVE;
				GCC_WARN_UNUSED_FUNCTION = YES;
				GCC_WARN_UNUSED_VARIABLE = YES;
				IPHONEOS_DEPLOYMENT_TARGET = 11.0;
				MTL_ENABLE_DEBUG_INFO = NO;
				SDKROOT = iphoneos;
				SWIFT_OPTIMIZATION_LEVEL = "-Owholemodule";
				TARGETED_DEVICE_FAMILY = "1,2";
				VALIDATE_PRODUCT = YES;
			};
			name = Release;
		};
		9022DEA91E5BCF47002F0CF4 /* Debug */ = {
			isa = XCBuildConfiguration;
			buildSettings = {
				ASSETCATALOG_COMPILER_APPICON_NAME = AppIcon;
				INFOPLIST_FILE = BookStore/Info.plist;
				LD_RUNPATH_SEARCH_PATHS = "$(inherited) @executable_path/Frameworks";
				PRODUCT_BUNDLE_IDENTIFIER = com.apple.BookStore;
				PRODUCT_NAME = "$(TARGET_NAME)";
				SDKROOT = iphoneos;
				SWIFT_VERSION = 5.0;
			};
			name = Debug;
		};
		9022DEAA1E5BCF47002F0CF4 /* Release */ = {
			isa = XCBuildConfiguration;
			buildSettings = {
				ASSETCATALOG_COMPILER_APPICON_NAME = AppIcon;
				INFOPLIST_FILE = BookStore/Info.plist;
				LD_RUNPATH_SEARCH_PATHS = "$(inherited) @executable_path/Frameworks";
				PRODUCT_BUNDLE_IDENTIFIER = com.apple.BookStore;
				PRODUCT_NAME = "$(TARGET_NAME)";
				SDKROOT = iphoneos;
				SWIFT_VERSION = 5.0;
			};
			name = Release;
		};
		9022DEAC1E5BCF47002F0CF4 /* Debug */ = {
			isa = XCBuildConfiguration;
			buildSettings = {
				ALWAYS_EMBED_SWIFT_STANDARD_LIBRARIES = YES;
				BUNDLE_LOADER = "$(TEST_HOST)";
				INFOPLIST_FILE = BookStoreTests/Info.plist;
				LD_RUNPATH_SEARCH_PATHS = "$(inherited) @executable_path/Frameworks @loader_path/Frameworks";
				PRODUCT_BUNDLE_IDENTIFIER = com.apple.BookStoreTests;
				PRODUCT_NAME = "$(TARGET_NAME)";
				SWIFT_VERSION = 5.0;
				TEST_HOST = "$(BUILT_PRODUCTS_DIR)/BookStore.app/BookStore";
			};
			name = Debug;
		};
		9022DEAD1E5BCF47002F0CF4 /* Release */ = {
			isa = XCBuildConfiguration;
			buildSettings = {
				ALWAYS_EMBED_SWIFT_STANDARD_LIBRARIES = YES;
				BUNDLE_LOADER = "$(TEST_HOST)";
				INFOPLIST_FILE = BookStoreTests/Info.plist;
				LD_RUNPATH_SEARCH_PATHS = "$(inherited) @executable_path/Frameworks @loader_path/Frameworks";
				PRODUCT_BUNDLE_IDENTIFIER = com.apple.BookStoreTests;
				PRODUCT_NAME = "$(TARGET_NAME)";
				SWIFT_VERSION = 5.0;
				TEST_HOST = "$(BUILT_PRODUCTS_DIR)/BookStore.app/BookStore";
			};
			name = Release;
		};
/* End XCBuildConfiguration section */

/* Begin XCConfigurationList section */
		9022DE861E5BCF47002F0CF4 /* Build configuration list for PBXProject "BookStore" */ = {
			isa = XCConfigurationList;
			buildConfigurations = (
				9022DEA61E5BCF47002F0CF4 /* Debug */,
				9022DEA71E5BCF47002F0CF4 /* Release */,
			);
			defaultConfigurationIsVisible = 0;
			defaultConfigurationName = Release;
		};
		9022DEA81E5BCF47002F0CF4 /* Build configuration list for PBXNativeTarget "BookStore" */ = {
			isa = XCConfigurationList;
			buildConfigurations = (
				9022DEA91E5BCF47002F0CF4 /* Debug */,
				9022DEAA1E5BCF47002F0CF4 /* Release */,
			);
			defaultConfigurationIsVisible = 0;
			defaultConfigurationName = Release;
		};
		9022DEAB1E5BCF47002F0CF4 /* Build configuration list for PBXNativeTarget "BookStoreTests" */ = {
			isa = XCConfigurationList;
			buildConfigurations = (
				9022DEAC1E5BCF47002F0CF4 /* Debug */,
				9022DEAD1E5BCF47002F0CF4 /* Release */,
			);
			defaultConfigurationIsVisible = 0;
			defaultConfigurationName = Release;
		};
/* End XCConfigurationList section */
	};
	rootObject = 9022DE831E5BCF47002F0CF4 /* Project object */;
}
